Microsoft Visual Studio Solution File, Format Version 12.00
# Visual Studio 15
VisualStudioVersion = 15.0.28307.705
MinimumVisualStudioVersion = 10.0.40219.1
Project("{c6c66eb2-95a6-4ac9-9d93-35a205ad1d28}") = "PackMLModel", "PackMLModel.csproj", "{20d8827b-e82c-4e26-8508-fbe282e08edb}"
EndProject
Global
	GlobalSection(SolutionConfigurationPlatforms) = preSolution
		Debug|Any CPU = Debug|Any CPU
		Release|Any CPU = Release|Any CPU
	EndGlobalSection
	GlobalSection(ProjectConfigurationPlatforms) = postSolution
		{20d8827b-e82c-4e26-8508-fbe282e08edb}.Debug|Any CPU.ActiveCfg = Debug|Any CPU
		{20d8827b-e82c-4e26-8508-fbe282e08edb}.Debug|Any CPU.Build.0 = Debug|Any CPU
		{20d8827b-e82c-4e26-8508-fbe282e08edb}.Release|Any CPU.ActiveCfg = Release|Any CPU
		{20d8827b-e82c-4e26-8508-fbe282e08edb}.Release|Any CPU.Build.0 = Release|Any CPU
	EndGlobalSection
	GlobalSection(SolutionProperties) = preSolution
		HideSolutionNode = FALSE
	EndGlobalSection
	GlobalSection(ExtensibilityGlobals) = postSolution
		SolutionGuid = {9acc5258-687e-4ee3-aea7-9cd2596e161b}
	EndGlobalSection
EndGlobal
